
Microsoft Visual Studio Solution File, Format Version 12.00
# Visual Studio 15
VisualStudioVersion = 15.0.26730.12
MinimumVisualStudioVersion = 10.0.40219.1
Project("{9A19103F-16F7-4668-BE54-9A1E7A4F7556}") = "EfConfiguration", "src\EfConfiguration\EfConfiguration.csproj", "{1E9223AC-0E2B-4617-B248-E52F9F968487}"
EndProject
Project("{FAE04EC0-301F-11D3-BF4B-00C04F79EFBC}") = "EfConfiguration.Tests", "test\EfConfiguration.Tests\EfConfiguration.Tests.csproj", "{24F579DF-A34A-46CA-893F-B25AC9679745}"
EndProject
Global
	GlobalSection(SolutionConfigurationPlatforms) = preSolution
		Debug|Any CPU = Debug|Any CPU
		Release|Any CPU = Release|Any CPU
	EndGlobalSection
	GlobalSection(ProjectConfigurationPlatforms) = postSolution
		{1E9223AC-0E2B-4617-B248-E52F9F968487}.Debug|Any CPU.ActiveCfg = Debug|Any CPU
		{1E9223AC-0E2B-4617-B248-E52F9F968487}.Debug|Any CPU.Build.0 = Debug|Any CPU
		{1E9223AC-0E2B-4617-B248-E52F9F968487}.Release|Any CPU.ActiveCfg = Release|Any CPU
		{1E9223AC-0E2B-4617-B248-E52F9F968487}.Release|Any CPU.Build.0 = Release|Any CPU
		{24F579DF-A34A-46CA-893F-B25AC9679745}.Debug|Any CPU.ActiveCfg = Debug|Any CPU
		{24F579DF-A34A-46CA-893F-B25AC9679745}.Debug|Any CPU.Build.0 = Debug|Any CPU
		{24F579DF-A34A-46CA-893F-B25AC9679745}.Release|Any CPU.ActiveCfg = Release|Any CPU
		{24F579DF-A34A-46CA-893F-B25AC9679745}.Release|Any CPU.Build.0 = Release|Any CPU
	EndGlobalSection
	GlobalSection(SolutionProperties) = preSolution
		HideSolutionNode = FALSE
	EndGlobalSection
	GlobalSection(ExtensibilityGlobals) = postSolution
		SolutionGuid = {3DB60FDC-8E29-42EA-BB23-855417B6E1BA}
	EndGlobalSection
EndGlobal
